
Microsoft Visual Studio Solution File, Format Version 12.00
# Visual Studio 2012
Project("{2857B73E-F847-4B02-9238-064979017E93}") = "SpecialTypes", "SpecialTypes\SpecialTypes.cproj", "{D777832C-248A-4949-A4F5-D1E90CA0F1BC}"
EndProject
Global
	GlobalSection(SolutionConfigurationPlatforms) = preSolution
		Debug|Any CPU = Debug|Any CPU
		Release|Any CPU = Release|Any CPU
	EndGlobalSection
	GlobalSection(ProjectConfigurationPlatforms) = postSolution
		{D777832C-248A-4949-A4F5-D1E90CA0F1BC}.Debug|Any CPU.ActiveCfg = Debug|Any CPU
		{D777832C-248A-4949-A4F5-D1E90CA0F1BC}.Debug|Any CPU.Build.0 = Debug|Any CPU
		{D777832C-248A-4949-A4F5-D1E90CA0F1BC}.Release|Any CPU.ActiveCfg = Release|Any CPU
		{D777832C-248A-4949-A4F5-D1E90CA0F1BC}.Release|Any CPU.Build.0 = Release|Any CPU
	EndGlobalSection
EndGlobal
