
Microsoft Visual Studio Solution File, Format Version 12.00
# Visual Studio 2012
Project("{2857B73E-F847-4B02-9238-064979017E93}") = "Inheritance_Scope", "Inheritance_Scope\Inheritance_Scope.cproj", "{9127A1E9-170A-4DD0-AB3F-7504ECC7E9DD}"
EndProject
Global
	GlobalSection(SolutionConfigurationPlatforms) = preSolution
		Debug|Any CPU = Debug|Any CPU
		Release|Any CPU = Release|Any CPU
	EndGlobalSection
	GlobalSection(ProjectConfigurationPlatforms) = postSolution
		{9127A1E9-170A-4DD0-AB3F-7504ECC7E9DD}.Debug|Any CPU.ActiveCfg = Debug|Any CPU
		{9127A1E9-170A-4DD0-AB3F-7504ECC7E9DD}.Debug|Any CPU.Build.0 = Debug|Any CPU
		{9127A1E9-170A-4DD0-AB3F-7504ECC7E9DD}.Release|Any CPU.ActiveCfg = Release|Any CPU
		{9127A1E9-170A-4DD0-AB3F-7504ECC7E9DD}.Release|Any CPU.Build.0 = Release|Any CPU
	EndGlobalSection
EndGlobal
